// !$*UTF8*$!
{
	archiveVersion = 1;
	classes = {
	};
	objectVersion = 55;
	objects = {

/* Begin PBXBuildFile section */
		64122915285AAF0E0027733D /* MyGroupTableViewController.swift in Sources */ = {isa = PBXBuildFile; fileRef = 64122914285AAF0E0027733D /* MyGroupTableViewController.swift */; };
		64122919285AB1B30027733D /* MyGroupsTableViewCell.swift in Sources */ = {isa = PBXBuildFile; fileRef = 64122918285AB1B30027733D /* MyGroupsTableViewCell.swift */; };
		6412291B285AF8AA0027733D /* PurchaseTableViewCTableViewController.swift in Sources */ = {isa = PBXBuildFile; fileRef = 6412291A285AF8AA0027733D /* PurchaseTableViewCTableViewController.swift */; };
		6412291D285B11600027733D /* Store.swift in Sources */ = {isa = PBXBuildFile; fileRef = 6412291C285B11600027733D /* Store.swift */; };
		6412291F285B4EE50027733D /* HomeViewController.swift in Sources */ = {isa = PBXBuildFile; fileRef = 6412291E285B4EE50027733D /* HomeViewController.swift */; };
		64122921285B53C70027733D /* WebViewController.swift in Sources */ = {isa = PBXBuildFile; fileRef = 64122920285B53C70027733D /* WebViewController.swift */; };
		64122923285B5B210027733D /* SellTeaCollectionViewController.swift in Sources */ = {isa = PBXBuildFile; fileRef = 64122922285B5B210027733D /* SellTeaCollectionViewController.swift */; };
		64122925285B5C070027733D /* SellTeaCollectionViewCell.swift in Sources */ = {isa = PBXBuildFile; fileRef = 64122924285B5C070027733D /* SellTeaCollectionViewCell.swift */; };
		64122927285B5C570027733D /* Tea.swift in Sources */ = {isa = PBXBuildFile; fileRef = 64122926285B5C570027733D /* Tea.swift */; };
		64251B8E28559E6600C41FE7 /* CartTableViewController.swift in Sources */ = {isa = PBXBuildFile; fileRef = 64251B8D28559E6600C41FE7 /* CartTableViewController.swift */; };
		64251B922855A6DE00C41FE7 /* AddNewDrinks.swift in Sources */ = {isa = PBXBuildFile; fileRef = 64251B912855A6DE00C41FE7 /* AddNewDrinks.swift */; };
		64251B942856208400C41FE7 /* GroupTableViewController.swift in Sources */ = {isa = PBXBuildFile; fileRef = 64251B932856208400C41FE7 /* GroupTableViewController.swift */; };
		642B34412858913200C3E2D6 /* Accounts.swift in Sources */ = {isa = PBXBuildFile; fileRef = 642B34402858913200C3E2D6 /* Accounts.swift */; };
		642B34432858939400C3E2D6 /* LogInTableViewController.swift in Sources */ = {isa = PBXBuildFile; fileRef = 642B34422858939400C3E2D6 /* LogInTableViewController.swift */; };
		642B34452858951500C3E2D6 /* SignUpViewController.swift in Sources */ = {isa = PBXBuildFile; fileRef = 642B34442858951500C3E2D6 /* SignUpViewController.swift */; };
		642B34472858ACDD00C3E2D6 /* MyDrinksListsTableViewController.swift in Sources */ = {isa = PBXBuildFile; fileRef = 642B34462858ACDD00C3E2D6 /* MyDrinksListsTableViewController.swift */; };
		642B34492858AD2900C3E2D6 /* MyDrinksListsTableViewCell.swift in Sources */ = {isa = PBXBuildFile; fileRef = 642B34482858AD2900C3E2D6 /* MyDrinksListsTableViewCell.swift */; };
		642B344B2858CA6900C3E2D6 /* EditTableViewController.swift in Sources */ = {isa = PBXBuildFile; fileRef = 642B344A2858CA6900C3E2D6 /* EditTableViewController.swift */; };
		642C182D2857053A009198D3 /* GroupTableViewCell.swift in Sources */ = {isa = PBXBuildFile; fileRef = 642C182C2857053A009198D3 /* GroupTableViewCell.swift */; };
		6461B19E2859B37A005CAFEE /* TheGroupTableViewController.swift in Sources */ = {isa = PBXBuildFile; fileRef = 6461B19D2859B37A005CAFEE /* TheGroupTableViewController.swift */; };
		6461B1A02859B3A2005CAFEE /* TheGroupTableViewCell.swift in Sources */ = {isa = PBXBuildFile; fileRef = 6461B19F2859B3A2005CAFEE /* TheGroupTableViewCell.swift */; };
		6461B1A2285A1270005CAFEE /* PersonalAccountTableViewController.swift in Sources */ = {isa = PBXBuildFile; fileRef = 6461B1A1285A1270005CAFEE /* PersonalAccountTableViewController.swift */; };
		64EADCD128533D720017354C /* AppDelegate.swift in Sources */ = {isa = PBXBuildFile; fileRef = 64EADCD028533D720017354C /* AppDelegate.swift */; };
		64EADCD328533D720017354C /* SceneDelegate.swift in Sources */ = {isa = PBXBuildFile; fileRef = 64EADCD228533D720017354C /* SceneDelegate.swift */; };
		64EADCD828533D720017354C /* Main.storyboard in Resources */ = {isa = PBXBuildFile; fileRef = 64EADCD628533D720017354C /* Main.storyboard */; };
		64EADCDA28533D730017354C /* Assets.xcassets in Resources */ = {isa = PBXBuildFile; fileRef = 64EADCD928533D730017354C /* Assets.xcassets */; };
		64EADCDD28533D730017354C /* LaunchScreen.storyboard in Resources */ = {isa = PBXBuildFile; fileRef = 64EADCDB28533D730017354C /* LaunchScreen.storyboard */; };
		64EADCE52853434D0017354C /* MenuCollectionViewController.swift in Sources */ = {isa = PBXBuildFile; fileRef = 64EADCE42853434D0017354C /* MenuCollectionViewController.swift */; };
		64EADCE72853437F0017354C /* Menu.swift in Sources */ = {isa = PBXBuildFile; fileRef = 64EADCE62853437F0017354C /* Menu.swift */; };
		64EADCE9285344A40017354C /* MenuCollectionViewCell.swift in Sources */ = {isa = PBXBuildFile; fileRef = 64EADCE8285344A40017354C /* MenuCollectionViewCell.swift */; };
		64FDED74285456420032D87E /* DrinksCollectionReusableView.swift in Sources */ = {isa = PBXBuildFile; fileRef = 64FDED73285456420032D87E /* DrinksCollectionReusableView.swift */; };
		64FDED76285465130032D87E /* DetailTableViewController.swift in Sources */ = {isa = PBXBuildFile; fileRef = 64FDED75285465130032D87E /* DetailTableViewController.swift */; };
/* End PBXBuildFile section */

/* Begin PBXFileReference section */
		64122914285AAF0E0027733D /* MyGroupTableViewController.swift */ = {isa = PBXFileReference; lastKnownFileType = sourcecode.swift; path = MyGroupTableViewController.swift; sourceTree = "<group>"; };
		64122918285AB1B30027733D /* MyGroupsTableViewCell.swift */ = {isa = PBXFileReference; lastKnownFileType = sourcecode.swift; path = MyGroupsTableViewCell.swift; sourceTree = "<group>"; };
		6412291A285AF8AA0027733D /* PurchaseTableViewCTableViewController.swift */ = {isa = PBXFileReference; lastKnownFileType = sourcecode.swift; path = PurchaseTableViewCTableViewController.swift; sourceTree = "<group>"; };
		6412291C285B11600027733D /* Store.swift */ = {isa = PBXFileReference; lastKnownFileType = sourcecode.swift; path = Store.swift; sourceTree = "<group>"; };
		6412291E285B4EE50027733D /* HomeViewController.swift */ = {isa = PBXFileReference; lastKnownFileType = sourcecode.swift; path = HomeViewController.swift; sourceTree = "<group>"; };
		64122920285B53C70027733D /* WebViewController.swift */ = {isa = PBXFileReference; lastKnownFileType = sourcecode.swift; path = WebViewController.swift; sourceTree = "<group>"; };
		64122922285B5B210027733D /* SellTeaCollectionViewController.swift */ = {isa = PBXFileReference; lastKnownFileType = sourcecode.swift; path = SellTeaCollectionViewController.swift; sourceTree = "<group>"; };
		64122924285B5C070027733D /* SellTeaCollectionViewCell.swift */ = {isa = PBXFileReference; lastKnownFileType = sourcecode.swift; path = SellTeaCollectionViewCell.swift; sourceTree = "<group>"; };
		64122926285B5C570027733D /* Tea.swift */ = {isa = PBXFileReference; lastKnownFileType = sourcecode.swift; path = Tea.swift; sourceTree = "<group>"; };
		64251B8D28559E6600C41FE7 /* CartTableViewController.swift */ = {isa = PBXFileReference; lastKnownFileType = sourcecode.swift; path = CartTableViewController.swift; sourceTree = "<group>"; };
		64251B912855A6DE00C41FE7 /* AddNewDrinks.swift */ = {isa = PBXFileReference; lastKnownFileType = sourcecode.swift; path = AddNewDrinks.swift; sourceTree = "<group>"; };
		64251B932856208400C41FE7 /* GroupTableViewController.swift */ = {isa = PBXFileReference; lastKnownFileType = sourcecode.swift; path = GroupTableViewController.swift; sourceTree = "<group>"; };
		642B34402858913200C3E2D6 /* Accounts.swift */ = {isa = PBXFileReference; lastKnownFileType = sourcecode.swift; path = Accounts.swift; sourceTree = "<group>"; };
		642B34422858939400C3E2D6 /* LogInTableViewController.swift */ = {isa = PBXFileReference; lastKnownFileType = sourcecode.swift; path = LogInTableViewController.swift; sourceTree = "<group>"; };
		642B34442858951500C3E2D6 /* SignUpViewController.swift */ = {isa = PBXFileReference; lastKnownFileType = sourcecode.swift; path = SignUpViewController.swift; sourceTree = "<group>"; };
		642B34462858ACDD00C3E2D6 /* MyDrinksListsTableViewController.swift */ = {isa = PBXFileReference; lastKnownFileType = sourcecode.swift; path = MyDrinksListsTableViewController.swift; sourceTree = "<group>"; };
		642B34482858AD2900C3E2D6 /* MyDrinksListsTableViewCell.swift */ = {isa = PBXFileReference; lastKnownFileType = sourcecode.swift; path = MyDrinksListsTableViewCell.swift; sourceTree = "<group>"; };
		642B344A2858CA6900C3E2D6 /* EditTableViewController.swift */ = {isa = PBXFileReference; lastKnownFileType = sourcecode.swift; path = EditTableViewController.swift; sourceTree = "<group>"; };
		642C182C2857053A009198D3 /* GroupTableViewCell.swift */ = {isa = PBXFileReference; lastKnownFileType = sourcecode.swift; path = GroupTableViewCell.swift; sourceTree = "<group>"; };
		6461B19D2859B37A005CAFEE /* TheGroupTableViewController.swift */ = {isa = PBXFileReference; lastKnownFileType = sourcecode.swift; path = TheGroupTableViewController.swift; sourceTree = "<group>"; };
		6461B19F2859B3A2005CAFEE /* TheGroupTableViewCell.swift */ = {isa = PBXFileReference; lastKnownFileType = sourcecode.swift; path = TheGroupTableViewCell.swift; sourceTree = "<group>"; };
		6461B1A1285A1270005CAFEE /* PersonalAccountTableViewController.swift */ = {isa = PBXFileReference; lastKnownFileType = sourcecode.swift; path = PersonalAccountTableViewController.swift; sourceTree = "<group>"; };
		64EADCCD28533D720017354C /* OrderDrinks.app */ = {isa = PBXFileReference; explicitFileType = wrapper.application; includeInIndex = 0; path = OrderDrinks.app; sourceTree = BUILT_PRODUCTS_DIR; };
		64EADCD028533D720017354C /* AppDelegate.swift */ = {isa = PBXFileReference; lastKnownFileType = sourcecode.swift; path = AppDelegate.swift; sourceTree = "<group>"; };
		64EADCD228533D720017354C /* SceneDelegate.swift */ = {isa = PBXFileReference; lastKnownFileType = sourcecode.swift; path = SceneDelegate.swift; sourceTree = "<group>"; };
		64EADCD728533D720017354C /* Base */ = {isa = PBXFileReference; lastKnownFileType = file.storyboard; name = Base; path = Base.lproj/Main.storyboard; sourceTree = "<group>"; };
		64EADCD928533D730017354C /* Assets.xcassets */ = {isa = PBXFileReference; lastKnownFileType = folder.assetcatalog; path = Assets.xcassets; sourceTree = "<group>"; };
		64EADCDC28533D730017354C /* Base */ = {isa = PBXFileReference; lastKnownFileType = file.storyboard; name = Base; path = Base.lproj/LaunchScreen.storyboard; sourceTree = "<group>"; };
		64EADCDE28533D730017354C /* Info.plist */ = {isa = PBXFileReference; lastKnownFileType = text.plist.xml; path = Info.plist; sourceTree = "<group>"; };
		64EADCE42853434D0017354C /* MenuCollectionViewController.swift */ = {isa = PBXFileReference; lastKnownFileType = sourcecode.swift; path = MenuCollectionViewController.swift; sourceTree = "<group>"; };
		64EADCE62853437F0017354C /* Menu.swift */ = {isa = PBXFileReference; lastKnownFileType = sourcecode.swift; path = Menu.swift; sourceTree = "<group>"; };
		64EADCE8285344A40017354C /* MenuCollectionViewCell.swift */ = {isa = PBXFileReference; lastKnownFileType = sourcecode.swift; path = MenuCollectionViewCell.swift; sourceTree = "<group>"; };
		64FDED73285456420032D87E /* DrinksCollectionReusableView.swift */ = {isa = PBXFileReference; lastKnownFileType = sourcecode.swift; path = DrinksCollectionReusableView.swift; sourceTree = "<group>"; };
		64FDED75285465130032D87E /* DetailTableViewController.swift */ = {isa = PBXFileReference; lastKnownFileType = sourcecode.swift; path = DetailTableViewController.swift; sourceTree = "<group>"; };
/* End PBXFileReference section */

/* Begin PBXFrameworksBuildPhase section */
		64EADCCA28533D720017354C /* Frameworks */ = {
			isa = PBXFrameworksBuildPhase;
			buildActionMask = 2147483647;
			files = (
			);
			runOnlyForDeploymentPostprocessing = 0;
		};
/* End PBXFrameworksBuildPhase section */

/* Begin PBXGroup section */
		64122911285AAE600027733D /* drinks lists */ = {
			isa = PBXGroup;
			children = (
				6461B19D2859B37A005CAFEE /* TheGroupTableViewController.swift */,
				6461B19F2859B3A2005CAFEE /* TheGroupTableViewCell.swift */,
				642B34462858ACDD00C3E2D6 /* MyDrinksListsTableViewController.swift */,
				642B34482858AD2900C3E2D6 /* MyDrinksListsTableViewCell.swift */,
				642B344A2858CA6900C3E2D6 /* EditTableViewController.swift */,
			);
			path = "drinks lists";
			sourceTree = "<group>";
		};
		64122912285AAEB40027733D /* accounts */ = {
			isa = PBXGroup;
			children = (
				64122913285AAEC60027733D /* model */,
				6461B1A1285A1270005CAFEE /* PersonalAccountTableViewController.swift */,
				64122914285AAF0E0027733D /* MyGroupTableViewController.swift */,
				64122918285AB1B30027733D /* MyGroupsTableViewCell.swift */,
				642B34442858951500C3E2D6 /* SignUpViewController.swift */,
				642B34422858939400C3E2D6 /* LogInTableViewController.swift */,
				6412291A285AF8AA0027733D /* PurchaseTableViewCTableViewController.swift */,
			);
			path = accounts;
			sourceTree = "<group>";
		};
		64122913285AAEC60027733D /* model */ = {
			isa = PBXGroup;
			children = (
				642B34402858913200C3E2D6 /* Accounts.swift */,
			);
			path = model;
			sourceTree = "<group>";
		};
		64122928285B79260027733D /* Sell Tea */ = {
			isa = PBXGroup;
			children = (
				6412291C285B11600027733D /* Store.swift */,
				64122926285B5C570027733D /* Tea.swift */,
				64122922285B5B210027733D /* SellTeaCollectionViewController.swift */,
				64122924285B5C070027733D /* SellTeaCollectionViewCell.swift */,
			);
			path = "Sell Tea";
			sourceTree = "<group>";
		};
		642B343E28588D1000C3E2D6 /* order drinks */ = {
			isa = PBXGroup;
			children = (
				642B343F28588D3800C3E2D6 /* model */,
				64EADCE42853434D0017354C /* MenuCollectionViewController.swift */,
				64EADCE8285344A40017354C /* MenuCollectionViewCell.swift */,
				64FDED73285456420032D87E /* DrinksCollectionReusableView.swift */,
				64FDED75285465130032D87E /* DetailTableViewController.swift */,
				64251B8D28559E6600C41FE7 /* CartTableViewController.swift */,
				64251B932856208400C41FE7 /* GroupTableViewController.swift */,
				642C182C2857053A009198D3 /* GroupTableViewCell.swift */,
			);
			path = "order drinks";
			sourceTree = "<group>";
		};
		642B343F28588D3800C3E2D6 /* model */ = {
			isa = PBXGroup;
			children = (
				64251B912855A6DE00C41FE7 /* AddNewDrinks.swift */,
				64EADCE62853437F0017354C /* Menu.swift */,
			);
			path = model;
			sourceTree = "<group>";
		};
		64EADCC428533D720017354C = {
			isa = PBXGroup;
			children = (
				64EADCCF28533D720017354C /* OrderDrinks */,
				64EADCCE28533D720017354C /* Products */,
			);
			sourceTree = "<group>";
		};
		64EADCCE28533D720017354C /* Products */ = {
			isa = PBXGroup;
			children = (
				64EADCCD28533D720017354C /* OrderDrinks.app */,
			);
			name = Products;
			sourceTree = "<group>";
		};
		64EADCCF28533D720017354C /* OrderDrinks */ = {
			isa = PBXGroup;
			children = (
				64122928285B79260027733D /* Sell Tea */,
				64122912285AAEB40027733D /* accounts */,
				64122911285AAE600027733D /* drinks lists */,
				642B343E28588D1000C3E2D6 /* order drinks */,
				64EADCD028533D720017354C /* AppDelegate.swift */,
				64EADCD228533D720017354C /* SceneDelegate.swift */,
				64EADCD628533D720017354C /* Main.storyboard */,
				64122920285B53C70027733D /* WebViewController.swift */,
				6412291E285B4EE50027733D /* HomeViewController.swift */,
				64EADCD928533D730017354C /* Assets.xcassets */,
				64EADCDB28533D730017354C /* LaunchScreen.storyboard */,
				64EADCDE28533D730017354C /* Info.plist */,
			);
			path = OrderDrinks;
			sourceTree = "<group>";
		};
/* End PBXGroup section */

/* Begin PBXNativeTarget section */
		64EADCCC28533D720017354C /* OrderDrinks */ = {
			isa = PBXNativeTarget;
			buildConfigurationList = 64EADCE128533D730017354C /* Build configuration list for PBXNativeTarget "OrderDrinks" */;
			buildPhases = (
				64EADCC928533D720017354C /* Sources */,
				64EADCCA28533D720017354C /* Frameworks */,
				64EADCCB28533D720017354C /* Resources */,
			);
			buildRules = (
			);
			dependencies = (
			);
			name = OrderDrinks;
			productName = OrderDrinks;
			productReference = 64EADCCD28533D720017354C /* OrderDrinks.app */;
			productType = "com.apple.product-type.application";
		};
/* End PBXNativeTarget section */

/* Begin PBXProject section */
		64EADCC528533D720017354C /* Project object */ = {
			isa = PBXProject;
			attributes = {
				BuildIndependentTargetsInParallel = 1;
				LastSwiftUpdateCheck = 1330;
				LastUpgradeCheck = 1330;
				TargetAttributes = {
					64EADCCC28533D720017354C = {
						CreatedOnToolsVersion = 13.3.1;
					};
				};
			};
			buildConfigurationList = 64EADCC828533D720017354C /* Build configuration list for PBXProject "OrderDrinks" */;
			compatibilityVersion = "Xcode 13.0";
			developmentRegion = en;
			hasScannedForEncodings = 0;
			knownRegions = (
				en,
				Base,
			);
			mainGroup = 64EADCC428533D720017354C;
			productRefGroup = 64EADCCE28533D720017354C /* Products */;
			projectDirPath = "";
			projectRoot = "";
			targets = (
				64EADCCC28533D720017354C /* OrderDrinks */,
			);
		};
/* End PBXProject section */

/* Begin PBXResourcesBuildPhase section */
		64EADCCB28533D720017354C /* Resources */ = {
			isa = PBXResourcesBuildPhase;
			buildActionMask = 2147483647;
			files = (
				64EADCDD28533D730017354C /* LaunchScreen.storyboard in Resources */,
				64EADCDA28533D730017354C /* Assets.xcassets in Resources */,
				64EADCD828533D720017354C /* Main.storyboard in Resources */,
			);
			runOnlyForDeploymentPostprocessing = 0;
		};
/* End PBXResourcesBuildPhase section */

/* Begin PBXSourcesBuildPhase section */
		64EADCC928533D720017354C /* Sources */ = {
			isa = PBXSourcesBuildPhase;
			buildActionMask = 2147483647;
			files = (
				6412291F285B4EE50027733D /* HomeViewController.swift in Sources */,
				64122915285AAF0E0027733D /* MyGroupTableViewController.swift in Sources */,
				6461B1A2285A1270005CAFEE /* PersonalAccountTableViewController.swift in Sources */,
				642B344B2858CA6900C3E2D6 /* EditTableViewController.swift in Sources */,
				6412291D285B11600027733D /* Store.swift in Sources */,
				64EADCE52853434D0017354C /* MenuCollectionViewController.swift in Sources */,
				64122923285B5B210027733D /* SellTeaCollectionViewController.swift in Sources */,
				6412291B285AF8AA0027733D /* PurchaseTableViewCTableViewController.swift in Sources */,
				64EADCD128533D720017354C /* AppDelegate.swift in Sources */,
				642C182D2857053A009198D3 /* GroupTableViewCell.swift in Sources */,
				64FDED74285456420032D87E /* DrinksCollectionReusableView.swift in Sources */,
				642B34432858939400C3E2D6 /* LogInTableViewController.swift in Sources */,
				64122921285B53C70027733D /* WebViewController.swift in Sources */,
				64FDED76285465130032D87E /* DetailTableViewController.swift in Sources */,
				642B34492858AD2900C3E2D6 /* MyDrinksListsTableViewCell.swift in Sources */,
				64EADCD328533D720017354C /* SceneDelegate.swift in Sources */,
				64122919285AB1B30027733D /* MyGroupsTableViewCell.swift in Sources */,
				642B34472858ACDD00C3E2D6 /* MyDrinksListsTableViewController.swift in Sources */,
				6461B19E2859B37A005CAFEE /* TheGroupTableViewController.swift in Sources */,
				64122925285B5C070027733D /* SellTeaCollectionViewCell.swift in Sources */,
				64EADCE72853437F0017354C /* Menu.swift in Sources */,
				642B34452858951500C3E2D6 /* SignUpViewController.swift in Sources */,
				64251B8E28559E6600C41FE7 /* CartTableViewController.swift in Sources */,
				6461B1A02859B3A2005CAFEE /* TheGroupTableViewCell.swift in Sources */,
				642B34412858913200C3E2D6 /* Accounts.swift in Sources */,
				64122927285B5C570027733D /* Tea.swift in Sources */,
				64EADCE9285344A40017354C /* MenuCollectionViewCell.swift in Sources */,
				64251B922855A6DE00C41FE7 /* AddNewDrinks.swift in Sources */,
				64251B942856208400C41FE7 /* GroupTableViewController.swift in Sources */,
			);
			runOnlyForDeploymentPostprocessing = 0;
		};
/* End PBXSourcesBuildPhase section */

/* Begin PBXVariantGroup section */
		64EADCD628533D720017354C /* Main.storyboard */ = {
			isa = PBXVariantGroup;
			children = (
				64EADCD728533D720017354C /* Base */,
			);
			name = Main.storyboard;
			sourceTree = "<group>";
		};
		64EADCDB28533D730017354C /* LaunchScreen.storyboard */ = {
			isa = PBXVariantGroup;
			children = (
				64EADCDC28533D730017354C /* Base */,
			);
			name = LaunchScreen.storyboard;
			sourceTree = "<group>";
		};
/* End PBXVariantGroup section */

/* Begin XCBuildConfiguration section */
		64EADCDF28533D730017354C /* Debug */ = {
			isa = XCBuildConfiguration;
			buildSettings = {
				ALWAYS_SEARCH_USER_PATHS = NO;
				CLANG_ANALYZER_NONNULL = YES;
				CLANG_ANALYZER_NUMBER_OBJECT_CONVERSION = YES_AGGRESSIVE;
				CLANG_CXX_LANGUAGE_STANDARD = "gnu++17";
				CLANG_ENABLE_MODULES = YES;
				CLANG_ENABLE_OBJC_ARC = YES;
				CLANG_ENABLE_OBJC_WEAK = YES;
				CLANG_WARN_BLOCK_CAPTURE_AUTORELEASING = YES;
				CLANG_WARN_BOOL_CONVERSION = YES;
				CLANG_WARN_COMMA = YES;
				CLANG_WARN_CONSTANT_CONVERSION = YES;
				CLANG_WARN_DEPRECATED_OBJC_IMPLEMENTATIONS = YES;
				CLANG_WARN_DIRECT_OBJC_ISA_USAGE = YES_ERROR;
				CLANG_WARN_DOCUMENTATION_COMMENTS = YES;
				CLANG_WARN_EMPTY_BODY = YES;
				CLANG_WARN_ENUM_CONVERSION = YES;
				CLANG_WARN_INFINITE_RECURSION = YES;
				CLANG_WARN_INT_CONVERSION = YES;
				CLANG_WARN_NON_LITERAL_NULL_CONVERSION = YES;
				CLANG_WARN_OBJC_IMPLICIT_RETAIN_SELF = YES;
				CLANG_WARN_OBJC_LITERAL_CONVERSION = YES;
				CLANG_WARN_OBJC_ROOT_CLASS = YES_ERROR;
				CLANG_WARN_QUOTED_INCLUDE_IN_FRAMEWORK_HEADER = YES;
				CLANG_WARN_RANGE_LOOP_ANALYSIS = YES;
				CLANG_WARN_STRICT_PROTOTYPES = YES;
				CLANG_WARN_SUSPICIOUS_MOVE = YES;
				CLANG_WARN_UNGUARDED_AVAILABILITY = YES_AGGRESSIVE;
				CLANG_WARN_UNREACHABLE_CODE = YES;
				CLANG_WARN__DUPLICATE_METHOD_MATCH = YES;
				COPY_PHASE_STRIP = NO;
				DEBUG_INFORMATION_FORMAT = dwarf;
				ENABLE_STRICT_OBJC_MSGSEND = YES;
				ENABLE_TESTABILITY = YES;
				GCC_C_LANGUAGE_STANDARD = gnu11;
				GCC_DYNAMIC_NO_PIC = NO;
				GCC_NO_COMMON_BLOCKS = YES;
				GCC_OPTIMIZATION_LEVEL = 0;
				GCC_PREPROCESSOR_DEFINITIONS = (
					"DEBUG=1",
					"$(inherited)",
				);
				GCC_WARN_64_TO_32_BIT_CONVERSION = YES;
				GCC_WARN_ABOUT_RETURN_TYPE = YES_ERROR;
				GCC_WARN_UNDECLARED_SELECTOR = YES;
				GCC_WARN_UNINITIALIZED_AUTOS = YES_AGGRESSIVE;
				GCC_WARN_UNUSED_FUNCTION = YES;
				GCC_WARN_UNUSED_VARIABLE = YES;
				IPHONEOS_DEPLOYMENT_TARGET = 15.4;
				MTL_ENABLE_DEBUG_INFO = INCLUDE_SOURCE;
				MTL_FAST_MATH = YES;
				ONLY_ACTIVE_ARCH = YES;
				SDKROOT = iphoneos;
				SWIFT_ACTIVE_COMPILATION_CONDITIONS = DEBUG;
				SWIFT_OPTIMIZATION_LEVEL = "-Onone";
			};
			name = Debug;
		};
		64EADCE028533D730017354C /* Release */ = {
			isa = XCBuildConfiguration;
			buildSettings = {
				ALWAYS_SEARCH_USER_PATHS = NO;
				CLANG_ANALYZER_NONNULL = YES;
				CLANG_ANALYZER_NUMBER_OBJECT_CONVERSION = YES_AGGRESSIVE;
				CLANG_CXX_LANGUAGE_STANDARD = "gnu++17";
				CLANG_ENABLE_MODULES = YES;
				CLANG_ENABLE_OBJC_ARC = YES;
				CLANG_ENABLE_OBJC_WEAK = YES;
				CLANG_WARN_BLOCK_CAPTURE_AUTORELEASING = YES;
				CLANG_WARN_BOOL_CONVERSION = YES;
				CLANG_WARN_COMMA = YES;
				CLANG_WARN_CONSTANT_CONVERSION = YES;
				CLANG_WARN_DEPRECATED_OBJC_IMPLEMENTATIONS = YES;
				CLANG_WARN_DIRECT_OBJC_ISA_USAGE = YES_ERROR;
				CLANG_WARN_DOCUMENTATION_COMMENTS = YES;
				CLANG_WARN_EMPTY_BODY = YES;
				CLANG_WARN_ENUM_CONVERSION = YES;
				CLANG_WARN_INFINITE_RECURSION = YES;
				CLANG_WARN_INT_CONVERSION = YES;
				CLANG_WARN_NON_LITERAL_NULL_CONVERSION = YES;
				CLANG_WARN_OBJC_IMPLICIT_RETAIN_SELF = YES;
				CLANG_WARN_OBJC_LITERAL_CONVERSION = YES;
				CLANG_WARN_OBJC_ROOT_CLASS = YES_ERROR;
				CLANG_WARN_QUOTED_INCLUDE_IN_FRAMEWORK_HEADER = YES;
				CLANG_WARN_RANGE_LOOP_ANALYSIS = YES;
				CLANG_WARN_STRICT_PROTOTYPES = YES;
				CLANG_WARN_SUSPICIOUS_MOVE = YES;
				CLANG_WARN_UNGUARDED_AVAILABILITY = YES_AGGRESSIVE;
				CLANG_WARN_UNREACHABLE_CODE = YES;
				CLANG_WARN__DUPLICATE_METHOD_MATCH = YES;
				COPY_PHASE_STRIP = NO;
				DEBUG_INFORMATION_FORMAT = "dwarf-with-dsym";
				ENABLE_NS_ASSERTIONS = NO;
				ENABLE_STRICT_OBJC_MSGSEND = YES;
				GCC_C_LANGUAGE_STANDARD = gnu11;
				GCC_NO_COMMON_BLOCKS = YES;
				GCC_WARN_64_TO_32_BIT_CONVERSION = YES;
				GCC_WARN_ABOUT_RETURN_TYPE = YES_ERROR;
				GCC_WARN_UNDECLARED_SELECTOR = YES;
				GCC_WARN_UNINITIALIZED_AUTOS = YES_AGGRESSIVE;
				GCC_WARN_UNUSED_FUNCTION = YES;
				GCC_WARN_UNUSED_VARIABLE = YES;
				IPHONEOS_DEPLOYMENT_TARGET = 15.4;
				MTL_ENABLE_DEBUG_INFO = NO;
				MTL_FAST_MATH = YES;
				SDKROOT = iphoneos;
				SWIFT_COMPILATION_MODE = wholemodule;
				SWIFT_OPTIMIZATION_LEVEL = "-O";
				VALIDATE_PRODUCT = YES;
			};
			name = Release;
		};
		64EADCE228533D730017354C /* Debug */ = {
			isa = XCBuildConfiguration;
			buildSettings = {
				ASSETCATALOG_COMPILER_APPICON_NAME = AppIcon;
				ASSETCATALOG_COMPILER_GLOBAL_ACCENT_COLOR_NAME = AccentColor;
				CODE_SIGN_STYLE = Automatic;
				CURRENT_PROJECT_VERSION = 1;
				DEVELOPMENT_TEAM = Z4822F8J4X;
				GENERATE_INFOPLIST_FILE = YES;
				INFOPLIST_FILE = OrderDrinks/Info.plist;
				INFOPLIST_KEY_CFBundleDisplayName = "天仁茗茶";
				INFOPLIST_KEY_UIApplicationSupportsIndirectInputEvents = YES;
				INFOPLIST_KEY_UILaunchStoryboardName = LaunchScreen;
				INFOPLIST_KEY_UIMainStoryboardFile = Main;
				INFOPLIST_KEY_UISupportedInterfaceOrientations_iPad = "UIInterfaceOrientationPortrait UIInterfaceOrientationPortraitUpsideDown UIInterfaceOrientationLandscapeLeft UIInterfaceOrientationLandscapeRight";
				INFOPLIST_KEY_UISupportedInterfaceOrientations_iPhone = "UIInterfaceOrientationPortrait UIInterfaceOrientationLandscapeLeft UIInterfaceOrientationLandscapeRight";
				LD_RUNPATH_SEARCH_PATHS = (
					"$(inherited)",
					"@executable_path/Frameworks",
				);
				MARKETING_VERSION = 1.0;
				PRODUCT_BUNDLE_IDENTIFIER = com.chris.OrderDrinks;
				PRODUCT_NAME = "$(TARGET_NAME)";
				SWIFT_EMIT_LOC_STRINGS = YES;
				SWIFT_VERSION = 5.0;
				TARGETED_DEVICE_FAMILY = "1,2";
			};
			name = Debug;
		};
		64EADCE328533D730017354C /* Release */ = {
			isa = XCBuildConfiguration;
			buildSettings = {
				ASSETCATALOG_COMPILER_APPICON_NAME = AppIcon;
				ASSETCATALOG_COMPILER_GLOBAL_ACCENT_COLOR_NAME = AccentColor;
				CODE_SIGN_STYLE = Automatic;
				CURRENT_PROJECT_VERSION = 1;
				DEVELOPMENT_TEAM = Z4822F8J4X;
				GENERATE_INFOPLIST_FILE = YES;
				INFOPLIST_FILE = OrderDrinks/Info.plist;
				INFOPLIST_KEY_CFBundleDisplayName = "天仁茗茶";
				INFOPLIST_KEY_UIApplicationSupportsIndirectInputEvents = YES;
				INFOPLIST_KEY_UILaunchStoryboardName = LaunchScreen;
				INFOPLIST_KEY_UIMainStoryboardFile = Main;
				INFOPLIST_KEY_UISupportedInterfaceOrientations_iPad = "UIInterfaceOrientationPortrait UIInterfaceOrientationPortraitUpsideDown UIInterfaceOrientationLandscapeLeft UIInterfaceOrientationLandscapeRight";
				INFOPLIST_KEY_UISupportedInterfaceOrientations_iPhone = "UIInterfaceOrientationPortrait UIInterfaceOrientationLandscapeLeft UIInterfaceOrientationLandscapeRight";
				LD_RUNPATH_SEARCH_PATHS = (
					"$(inherited)",
					"@executable_path/Frameworks",
				);
				MARKETING_VERSION = 1.0;
				PRODUCT_BUNDLE_IDENTIFIER = com.chris.OrderDrinks;
				PRODUCT_NAME = "$(TARGET_NAME)";
				SWIFT_EMIT_LOC_STRINGS = YES;
				SWIFT_VERSION = 5.0;
				TARGETED_DEVICE_FAMILY = "1,2";
			};
			name = Release;
		};
/* End XCBuildConfiguration section */

/* Begin XCConfigurationList section */
		64EADCC828533D720017354C /* Build configuration list for PBXProject "OrderDrinks" */ = {
			isa = XCConfigurationList;
			buildConfigurations = (
				64EADCDF28533D730017354C /* Debug */,
				64EADCE028533D730017354C /* Release */,
			);
			defaultConfigurationIsVisible = 0;
			defaultConfigurationName = Release;
		};
		64EADCE128533D730017354C /* Build configuration list for PBXNativeTarget "OrderDrinks" */ = {
			isa = XCConfigurationList;
			buildConfigurations = (
				64EADCE228533D730017354C /* Debug */,
				64EADCE328533D730017354C /* Release */,
			);
			defaultConfigurationIsVisible = 0;
			defaultConfigurationName = Release;
		};
/* End XCConfigurationList section */
	};
	rootObject = 64EADCC528533D720017354C /* Project object */;
}
